
Microsoft Visual Studio Solution File, Format Version 12.00
# Visual Studio Version 17
VisualStudioVersion = 17.10.34916.146
MinimumVisualStudioVersion = 10.0.40219.1
Project("{8BC9CEB8-8B4A-11D0-8D11-00A0C91BC942}") = "Sum_24_Alex_WuLiu", "Sum_24_Alex_WuLiu\Sum_24_Alex_WuLiu.vcxproj", "{463FB403-0A25-430B-9B38-2D527D04A482}"
EndProject
Project("{8BC9CEB8-8B4A-11D0-8D11-00A0C91BC942}") = "Farming", "Farming\Farming.vcxproj", "{F0205D0B-C32C-4FAA-AFA3-B843914E9B11}"
EndProject
Project("{8BC9CEB8-8B4A-11D0-8D11-00A0C91BC942}") = "glfw", "build_glfw\src\glfw.vcxproj", "{6F90721B-57C6-3A10-A8CF-C9CAB757E16D}"
EndProject
Global
	GlobalSection(SolutionConfigurationPlatforms) = preSolution
		Debug|x64 = Debug|x64
		Debug|x86 = Debug|x86
		MinSizeRel|x64 = MinSizeRel|x64
		MinSizeRel|x86 = MinSizeRel|x86
		Release|x64 = Release|x64
		Release|x86 = Release|x86
		RelWithDebInfo|x64 = RelWithDebInfo|x64
		RelWithDebInfo|x86 = RelWithDebInfo|x86
	EndGlobalSection
	GlobalSection(ProjectConfigurationPlatforms) = postSolution
		{463FB403-0A25-430B-9B38-2D527D04A482}.Debug|x64.ActiveCfg = Debug|x64
		{463FB403-0A25-430B-9B38-2D527D04A482}.Debug|x64.Build.0 = Debug|x64
		{463FB403-0A25-430B-9B38-2D527D04A482}.Debug|x86.ActiveCfg = Debug|Win32
		{463FB403-0A25-430B-9B38-2D527D04A482}.Debug|x86.Build.0 = Debug|Win32
		{463FB403-0A25-430B-9B38-2D527D04A482}.MinSizeRel|x64.ActiveCfg = Release|x64
		{463FB403-0A25-430B-9B38-2D527D04A482}.MinSizeRel|x64.Build.0 = Release|x64
		{463FB403-0A25-430B-9B38-2D527D04A482}.MinSizeRel|x86.ActiveCfg = Release|Win32
		{463FB403-0A25-430B-9B38-2D527D04A482}.MinSizeRel|x86.Build.0 = Release|Win32
		{463FB403-0A25-430B-9B38-2D527D04A482}.Release|x64.ActiveCfg = Release|x64
		{463FB403-0A25-430B-9B38-2D527D04A482}.Release|x64.Build.0 = Release|x64
		{463FB403-0A25-430B-9B38-2D527D04A482}.Release|x86.ActiveCfg = Release|Win32
		{463FB403-0A25-430B-9B38-2D527D04A482}.Release|x86.Build.0 = Release|Win32
		{463FB403-0A25-430B-9B38-2D527D04A482}.RelWithDebInfo|x64.ActiveCfg = Release|x64
		{463FB403-0A25-430B-9B38-2D527D04A482}.RelWithDebInfo|x64.Build.0 = Release|x64
		{463FB403-0A25-430B-9B38-2D527D04A482}.RelWithDebInfo|x86.ActiveCfg = Release|Win32
		{463FB403-0A25-430B-9B38-2D527D04A482}.RelWithDebInfo|x86.Build.0 = Release|Win32
		{F0205D0B-C32C-4FAA-AFA3-B843914E9B11}.Debug|x64.ActiveCfg = Debug|x64
		{F0205D0B-C32C-4FAA-AFA3-B843914E9B11}.Debug|x64.Build.0 = Debug|x64
		{F0205D0B-C32C-4FAA-AFA3-B843914E9B11}.Debug|x86.ActiveCfg = Debug|Win32
		{F0205D0B-C32C-4FAA-AFA3-B843914E9B11}.Debug|x86.Build.0 = Debug|Win32
		{F0205D0B-C32C-4FAA-AFA3-B843914E9B11}.MinSizeRel|x64.ActiveCfg = Debug|x64
		{F0205D0B-C32C-4FAA-AFA3-B843914E9B11}.MinSizeRel|x64.Build.0 = Debug|x64
		{F0205D0B-C32C-4FAA-AFA3-B843914E9B11}.MinSizeRel|x86.ActiveCfg = Debug|Win32
		{F0205D0B-C32C-4FAA-AFA3-B843914E9B11}.MinSizeRel|x86.Build.0 = Debug|Win32
		{F0205D0B-C32C-4FAA-AFA3-B843914E9B11}.Release|x64.ActiveCfg = Release|x64
		{F0205D0B-C32C-4FAA-AFA3-B843914E9B11}.Release|x64.Build.0 = Release|x64
		{F0205D0B-C32C-4FAA-AFA3-B843914E9B11}.Release|x86.ActiveCfg = Release|Win32
		{F0205D0B-C32C-4FAA-AFA3-B843914E9B11}.Release|x86.Build.0 = Release|Win32
		{F0205D0B-C32C-4FAA-AFA3-B843914E9B11}.RelWithDebInfo|x64.ActiveCfg = Release|x64
		{F0205D0B-C32C-4FAA-AFA3-B843914E9B11}.RelWithDebInfo|x64.Build.0 = Release|x64
		{F0205D0B-C32C-4FAA-AFA3-B843914E9B11}.RelWithDebInfo|x86.ActiveCfg = Release|Win32
		{F0205D0B-C32C-4FAA-AFA3-B843914E9B11}.RelWithDebInfo|x86.Build.0 = Release|Win32
		{6F90721B-57C6-3A10-A8CF-C9CAB757E16D}.Debug|x64.ActiveCfg = Debug|x64
		{6F90721B-57C6-3A10-A8CF-C9CAB757E16D}.Debug|x64.Build.0 = Debug|x64
		{6F90721B-57C6-3A10-A8CF-C9CAB757E16D}.Debug|x86.ActiveCfg = Debug|x64
		{6F90721B-57C6-3A10-A8CF-C9CAB757E16D}.Debug|x86.Build.0 = Debug|x64
		{6F90721B-57C6-3A10-A8CF-C9CAB757E16D}.MinSizeRel|x64.ActiveCfg = MinSizeRel|x64
		{6F90721B-57C6-3A10-A8CF-C9CAB757E16D}.MinSizeRel|x64.Build.0 = MinSizeRel|x64
		{6F90721B-57C6-3A10-A8CF-C9CAB757E16D}.MinSizeRel|x86.ActiveCfg = MinSizeRel|x64
		{6F90721B-57C6-3A10-A8CF-C9CAB757E16D}.MinSizeRel|x86.Build.0 = MinSizeRel|x64
		{6F90721B-57C6-3A10-A8CF-C9CAB757E16D}.Release|x64.ActiveCfg = Release|x64
		{6F90721B-57C6-3A10-A8CF-C9CAB757E16D}.Release|x64.Build.0 = Release|x64
		{6F90721B-57C6-3A10-A8CF-C9CAB757E16D}.Release|x86.ActiveCfg = Release|x64
		{6F90721B-57C6-3A10-A8CF-C9CAB757E16D}.Release|x86.Build.0 = Release|x64
		{6F90721B-57C6-3A10-A8CF-C9CAB757E16D}.RelWithDebInfo|x64.ActiveCfg = RelWithDebInfo|x64
		{6F90721B-57C6-3A10-A8CF-C9CAB757E16D}.RelWithDebInfo|x64.Build.0 = RelWithDebInfo|x64
		{6F90721B-57C6-3A10-A8CF-C9CAB757E16D}.RelWithDebInfo|x86.ActiveCfg = RelWithDebInfo|x64
		{6F90721B-57C6-3A10-A8CF-C9CAB757E16D}.RelWithDebInfo|x86.Build.0 = RelWithDebInfo|x64
	EndGlobalSection
	GlobalSection(SolutionProperties) = preSolution
		HideSolutionNode = FALSE
	EndGlobalSection
	GlobalSection(ExtensibilityGlobals) = postSolution
		SolutionGuid = {E7213751-E4E3-42BB-A8FF-947540BFFC6C}
	EndGlobalSection
EndGlobal
